
Microsoft Visual Studio Solution File, Format Version 12.00
# Visual Studio Version 17
VisualStudioVersion = 17.13.35931.197 d17.13
MinimumVisualStudioVersion = 10.0.40219.1
Project("{FAE04EC0-301F-11D3-BF4B-00C04F79EFBC}") = "FlyHack_Tutorial", "FlyHack_Tutorial\FlyHack_Tutorial.csproj", "{C5FA2A5A-F780-444C-94CD-2945939581DC}"
EndProject
Global
	GlobalSection(SolutionConfigurationPlatforms) = preSolution
		Debug|Any CPU = Debug|Any CPU
		Release|Any CPU = Release|Any CPU
	EndGlobalSection
	GlobalSection(ProjectConfigurationPlatforms) = postSolution
		{C5FA2A5A-F780-444C-94CD-2945939581DC}.Debug|Any CPU.ActiveCfg = Debug|Any CPU
		{C5FA2A5A-F780-444C-94CD-2945939581DC}.Debug|Any CPU.Build.0 = Debug|Any CPU
		{C5FA2A5A-F780-444C-94CD-2945939581DC}.Release|Any CPU.ActiveCfg = Release|Any CPU
		{C5FA2A5A-F780-444C-94CD-2945939581DC}.Release|Any CPU.Build.0 = Release|Any CPU
	EndGlobalSection
	GlobalSection(SolutionProperties) = preSolution
		HideSolutionNode = FALSE
	EndGlobalSection
	GlobalSection(ExtensibilityGlobals) = postSolution
		SolutionGuid = {7EC44542-EC44-44B4-87AF-18F2F9E12B77}
	EndGlobalSection
EndGlobal
